// !$*UTF8*$!
{
	archiveVersion = 1;
	classes = {
	};
	objectVersion = 56;
	objects = {

/* Begin PBXBuildFile section */
		B51FDDCF297D1FD800396B52 /* AppDelegate.swift in Sources */ = {isa = PBXBuildFile; fileRef = B51FDDCE297D1FD800396B52 /* AppDelegate.swift */; };
		B51FDDD1297D1FD800396B52 /* SceneDelegate.swift in Sources */ = {isa = PBXBuildFile; fileRef = B51FDDD0297D1FD800396B52 /* SceneDelegate.swift */; };
		B51FDDD3297D1FD800396B52 /* ScreenThinksHumanViewController.swift in Sources */ = {isa = PBXBuildFile; fileRef = B51FDDD2297D1FD800396B52 /* ScreenThinksHumanViewController.swift */; };
		B51FDDD8297D1FDA00396B52 /* Assets.xcassets in Resources */ = {isa = PBXBuildFile; fileRef = B51FDDD7297D1FDA00396B52 /* Assets.xcassets */; };
		B51FDDDB297D1FDA00396B52 /* LaunchScreen.storyboard in Resources */ = {isa = PBXBuildFile; fileRef = B51FDDD9297D1FDA00396B52 /* LaunchScreen.storyboard */; };
		B51FDDEA297D5E2800396B52 /* ScreenThinksHumanPresenter.swift in Sources */ = {isa = PBXBuildFile; fileRef = B51FDDE9297D5E2800396B52 /* ScreenThinksHumanPresenter.swift */; };
		B51FDDED297D66C400396B52 /* UIView + ext.swift in Sources */ = {isa = PBXBuildFile; fileRef = B51FDDEC297D66C400396B52 /* UIView + ext.swift */; };
		B51FDDEF297DCB8700396B52 /* GameModel.swift in Sources */ = {isa = PBXBuildFile; fileRef = B51FDDEE297DCB8700396B52 /* GameModel.swift */; };
		B51FDDF1297E9C6400396B52 /* ScreenThinksComputerViewController.swift in Sources */ = {isa = PBXBuildFile; fileRef = B51FDDF0297E9C6400396B52 /* ScreenThinksComputerViewController.swift */; };
		B51FDDF3297E9C7A00396B52 /* ScreenThinksComputerPresenter.swift in Sources */ = {isa = PBXBuildFile; fileRef = B51FDDF2297E9C7A00396B52 /* ScreenThinksComputerPresenter.swift */; };
		B51FDDF5297EA53A00396B52 /* ButtonCompare.swift in Sources */ = {isa = PBXBuildFile; fileRef = B51FDDF4297EA53A00396B52 /* ButtonCompare.swift */; };
		B51FDDF9297EFB2700396B52 /* Router.swift in Sources */ = {isa = PBXBuildFile; fileRef = B51FDDF8297EFB2700396B52 /* Router.swift */; };
		B51FDDFB297EFB6200396B52 /* ScreenBuilder.swift in Sources */ = {isa = PBXBuildFile; fileRef = B51FDDFA297EFB6200396B52 /* ScreenBuilder.swift */; };
		B51FDDFD297F04A900396B52 /* ScreenHumanEnterNumberVC.swift in Sources */ = {isa = PBXBuildFile; fileRef = B51FDDFC297F04A900396B52 /* ScreenHumanEnterNumberVC.swift */; };
		B51FDDFF297F067800396B52 /* BaseButton.swift in Sources */ = {isa = PBXBuildFile; fileRef = B51FDDFE297F067800396B52 /* BaseButton.swift */; };
		B51FDE01297F09BE00396B52 /* ScreenHumanEnterNumberPresenter.swift in Sources */ = {isa = PBXBuildFile; fileRef = B51FDE00297F09BE00396B52 /* ScreenHumanEnterNumberPresenter.swift */; };
		B51FDE03297F0E1C00396B52 /* String + ext.swift in Sources */ = {isa = PBXBuildFile; fileRef = B51FDE02297F0E1C00396B52 /* String + ext.swift */; };
/* End PBXBuildFile section */

/* Begin PBXFileReference section */
		B51FDDCB297D1FD800396B52 /* guessNumberGameTestTask.app */ = {isa = PBXFileReference; explicitFileType = wrapper.application; includeInIndex = 0; path = guessNumberGameTestTask.app; sourceTree = BUILT_PRODUCTS_DIR; };
		B51FDDCE297D1FD800396B52 /* AppDelegate.swift */ = {isa = PBXFileReference; lastKnownFileType = sourcecode.swift; path = AppDelegate.swift; sourceTree = "<group>"; };
		B51FDDD0297D1FD800396B52 /* SceneDelegate.swift */ = {isa = PBXFileReference; lastKnownFileType = sourcecode.swift; path = SceneDelegate.swift; sourceTree = "<group>"; };
		B51FDDD2297D1FD800396B52 /* ScreenThinksHumanViewController.swift */ = {isa = PBXFileReference; lastKnownFileType = sourcecode.swift; path = ScreenThinksHumanViewController.swift; sourceTree = "<group>"; };
		B51FDDD7297D1FDA00396B52 /* Assets.xcassets */ = {isa = PBXFileReference; lastKnownFileType = folder.assetcatalog; path = Assets.xcassets; sourceTree = "<group>"; };
		B51FDDDA297D1FDA00396B52 /* Base */ = {isa = PBXFileReference; lastKnownFileType = file.storyboard; name = Base; path = Base.lproj/LaunchScreen.storyboard; sourceTree = "<group>"; };
		B51FDDDC297D1FDA00396B52 /* Info.plist */ = {isa = PBXFileReference; lastKnownFileType = text.plist.xml; path = Info.plist; sourceTree = "<group>"; };
		B51FDDE9297D5E2800396B52 /* ScreenThinksHumanPresenter.swift */ = {isa = PBXFileReference; lastKnownFileType = sourcecode.swift; path = ScreenThinksHumanPresenter.swift; sourceTree = "<group>"; };
		B51FDDEC297D66C400396B52 /* UIView + ext.swift */ = {isa = PBXFileReference; lastKnownFileType = sourcecode.swift; path = "UIView + ext.swift"; sourceTree = "<group>"; };
		B51FDDEE297DCB8700396B52 /* GameModel.swift */ = {isa = PBXFileReference; lastKnownFileType = sourcecode.swift; path = GameModel.swift; sourceTree = "<group>"; };
		B51FDDF0297E9C6400396B52 /* ScreenThinksComputerViewController.swift */ = {isa = PBXFileReference; lastKnownFileType = sourcecode.swift; path = ScreenThinksComputerViewController.swift; sourceTree = "<group>"; };
		B51FDDF2297E9C7A00396B52 /* ScreenThinksComputerPresenter.swift */ = {isa = PBXFileReference; lastKnownFileType = sourcecode.swift; path = ScreenThinksComputerPresenter.swift; sourceTree = "<group>"; };
		B51FDDF4297EA53A00396B52 /* ButtonCompare.swift */ = {isa = PBXFileReference; lastKnownFileType = sourcecode.swift; path = ButtonCompare.swift; sourceTree = "<group>"; };
		B51FDDF8297EFB2700396B52 /* Router.swift */ = {isa = PBXFileReference; lastKnownFileType = sourcecode.swift; path = Router.swift; sourceTree = "<group>"; };
		B51FDDFA297EFB6200396B52 /* ScreenBuilder.swift */ = {isa = PBXFileReference; lastKnownFileType = sourcecode.swift; path = ScreenBuilder.swift; sourceTree = "<group>"; };
		B51FDDFC297F04A900396B52 /* ScreenHumanEnterNumberVC.swift */ = {isa = PBXFileReference; lastKnownFileType = sourcecode.swift; path = ScreenHumanEnterNumberVC.swift; sourceTree = "<group>"; };
		B51FDDFE297F067800396B52 /* BaseButton.swift */ = {isa = PBXFileReference; lastKnownFileType = sourcecode.swift; path = BaseButton.swift; sourceTree = "<group>"; };
		B51FDE00297F09BE00396B52 /* ScreenHumanEnterNumberPresenter.swift */ = {isa = PBXFileReference; lastKnownFileType = sourcecode.swift; path = ScreenHumanEnterNumberPresenter.swift; sourceTree = "<group>"; };
		B51FDE02297F0E1C00396B52 /* String + ext.swift */ = {isa = PBXFileReference; lastKnownFileType = sourcecode.swift; path = "String + ext.swift"; sourceTree = "<group>"; };
/* End PBXFileReference section */

/* Begin PBXFrameworksBuildPhase section */
		B51FDDC8297D1FD800396B52 /* Frameworks */ = {
			isa = PBXFrameworksBuildPhase;
			buildActionMask = 2147483647;
			files = (
			);
			runOnlyForDeploymentPostprocessing = 0;
		};
/* End PBXFrameworksBuildPhase section */

/* Begin PBXGroup section */
		B51FDDC2297D1FD800396B52 = {
			isa = PBXGroup;
			children = (
				B51FDDCD297D1FD800396B52 /* guessNumberGameTestTask */,
				B51FDDCC297D1FD800396B52 /* Products */,
			);
			sourceTree = "<group>";
		};
		B51FDDCC297D1FD800396B52 /* Products */ = {
			isa = PBXGroup;
			children = (
				B51FDDCB297D1FD800396B52 /* guessNumberGameTestTask.app */,
			);
			name = Products;
			sourceTree = "<group>";
		};
		B51FDDCD297D1FD800396B52 /* guessNumberGameTestTask */ = {
			isa = PBXGroup;
			children = (
				B51FDDE3297D201D00396B52 /* Application */,
				B51FDDF8297EFB2700396B52 /* Router.swift */,
				B51FDDFA297EFB6200396B52 /* ScreenBuilder.swift */,
				B51FDDE8297D5DC800396B52 /* ScreenScores */,
				B51FDDE7297D5DB700396B52 /* ScreenHumanEnterNumber */,
				B51FDDE6297D5DA400396B52 /* ScreenStartGame */,
				B51FDDE5297D5D9000396B52 /* ScreeThinksComputer */,
				B51FDDE4297D5D6D00396B52 /* ScreenThinksHuman */,
				B51FDDF6297EB60400396B52 /* CustomElement */,
				B51FDDF7297EBE6F00396B52 /* BaseModel */,
				B51FDDE2297D200700396B52 /* Resources */,
				B51FDDEB297D667C00396B52 /* Extansions */,
			);
			path = guessNumberGameTestTask;
			sourceTree = "<group>";
		};
		B51FDDE2297D200700396B52 /* Resources */ = {
			isa = PBXGroup;
			children = (
				B51FDDD9297D1FDA00396B52 /* LaunchScreen.storyboard */,
				B51FDDDC297D1FDA00396B52 /* Info.plist */,
				B51FDDD7297D1FDA00396B52 /* Assets.xcassets */,
			);
			path = Resources;
			sourceTree = "<group>";
		};
		B51FDDE3297D201D00396B52 /* Application */ = {
			isa = PBXGroup;
			children = (
				B51FDDCE297D1FD800396B52 /* AppDelegate.swift */,
				B51FDDD0297D1FD800396B52 /* SceneDelegate.swift */,
			);
			path = Application;
			sourceTree = "<group>";
		};
		B51FDDE4297D5D6D00396B52 /* ScreenThinksHuman */ = {
			isa = PBXGroup;
			children = (
				B51FDDD2297D1FD800396B52 /* ScreenThinksHumanViewController.swift */,
				B51FDDE9297D5E2800396B52 /* ScreenThinksHumanPresenter.swift */,
			);
			path = ScreenThinksHuman;
			sourceTree = "<group>";
		};
		B51FDDE5297D5D9000396B52 /* ScreeThinksComputer */ = {
			isa = PBXGroup;
			children = (
				B51FDDF0297E9C6400396B52 /* ScreenThinksComputerViewController.swift */,
				B51FDDF2297E9C7A00396B52 /* ScreenThinksComputerPresenter.swift */,
			);
			path = ScreeThinksComputer;
			sourceTree = "<group>";
		};
		B51FDDE6297D5DA400396B52 /* ScreenStartGame */ = {
			isa = PBXGroup;
			children = (
			);
			path = ScreenStartGame;
			sourceTree = "<group>";
		};
		B51FDDE7297D5DB700396B52 /* ScreenHumanEnterNumber */ = {
			isa = PBXGroup;
			children = (
				B51FDDFC297F04A900396B52 /* ScreenHumanEnterNumberVC.swift */,
				B51FDE00297F09BE00396B52 /* ScreenHumanEnterNumberPresenter.swift */,
			);
			path = ScreenHumanEnterNumber;
			sourceTree = "<group>";
		};
		B51FDDE8297D5DC800396B52 /* ScreenScores */ = {
			isa = PBXGroup;
			children = (
			);
			path = ScreenScores;
			sourceTree = "<group>";
		};
		B51FDDEB297D667C00396B52 /* Extansions */ = {
			isa = PBXGroup;
			children = (
				B51FDDEC297D66C400396B52 /* UIView + ext.swift */,
				B51FDE02297F0E1C00396B52 /* String + ext.swift */,
			);
			path = Extansions;
			sourceTree = "<group>";
		};
		B51FDDF6297EB60400396B52 /* CustomElement */ = {
			isa = PBXGroup;
			children = (
				B51FDDF4297EA53A00396B52 /* ButtonCompare.swift */,
				B51FDDFE297F067800396B52 /* BaseButton.swift */,
			);
			path = CustomElement;
			sourceTree = "<group>";
		};
		B51FDDF7297EBE6F00396B52 /* BaseModel */ = {
			isa = PBXGroup;
			children = (
				B51FDDEE297DCB8700396B52 /* GameModel.swift */,
			);
			path = BaseModel;
			sourceTree = "<group>";
		};
/* End PBXGroup section */

/* Begin PBXNativeTarget section */
		B51FDDCA297D1FD800396B52 /* guessNumberGameTestTask */ = {
			isa = PBXNativeTarget;
			buildConfigurationList = B51FDDDF297D1FDA00396B52 /* Build configuration list for PBXNativeTarget "guessNumberGameTestTask" */;
			buildPhases = (
				B51FDDC7297D1FD800396B52 /* Sources */,
				B51FDDC8297D1FD800396B52 /* Frameworks */,
				B51FDDC9297D1FD800396B52 /* Resources */,
			);
			buildRules = (
			);
			dependencies = (
			);
			name = guessNumberGameTestTask;
			productName = guessNumberGameTestTask;
			productReference = B51FDDCB297D1FD800396B52 /* guessNumberGameTestTask.app */;
			productType = "com.apple.product-type.application";
		};
/* End PBXNativeTarget section */

/* Begin PBXProject section */
		B51FDDC3297D1FD800396B52 /* Project object */ = {
			isa = PBXProject;
			attributes = {
				BuildIndependentTargetsInParallel = 1;
				LastSwiftUpdateCheck = 1410;
				LastUpgradeCheck = 1410;
				TargetAttributes = {
					B51FDDCA297D1FD800396B52 = {
						CreatedOnToolsVersion = 14.1;
					};
				};
			};
			buildConfigurationList = B51FDDC6297D1FD800396B52 /* Build configuration list for PBXProject "guessNumberGameTestTask" */;
			compatibilityVersion = "Xcode 14.0";
			developmentRegion = en;
			hasScannedForEncodings = 0;
			knownRegions = (
				en,
				Base,
			);
			mainGroup = B51FDDC2297D1FD800396B52;
			productRefGroup = B51FDDCC297D1FD800396B52 /* Products */;
			projectDirPath = "";
			projectRoot = "";
			targets = (
				B51FDDCA297D1FD800396B52 /* guessNumberGameTestTask */,
			);
		};
/* End PBXProject section */

/* Begin PBXResourcesBuildPhase section */
		B51FDDC9297D1FD800396B52 /* Resources */ = {
			isa = PBXResourcesBuildPhase;
			buildActionMask = 2147483647;
			files = (
				B51FDDDB297D1FDA00396B52 /* LaunchScreen.storyboard in Resources */,
				B51FDDD8297D1FDA00396B52 /* Assets.xcassets in Resources */,
			);
			runOnlyForDeploymentPostprocessing = 0;
		};
/* End PBXResourcesBuildPhase section */

/* Begin PBXSourcesBuildPhase section */
		B51FDDC7297D1FD800396B52 /* Sources */ = {
			isa = PBXSourcesBuildPhase;
			buildActionMask = 2147483647;
			files = (
				B51FDDFF297F067800396B52 /* BaseButton.swift in Sources */,
				B51FDDD3297D1FD800396B52 /* ScreenThinksHumanViewController.swift in Sources */,
				B51FDE03297F0E1C00396B52 /* String + ext.swift in Sources */,
				B51FDDCF297D1FD800396B52 /* AppDelegate.swift in Sources */,
				B51FDDF9297EFB2700396B52 /* Router.swift in Sources */,
				B51FDDD1297D1FD800396B52 /* SceneDelegate.swift in Sources */,
				B51FDDFB297EFB6200396B52 /* ScreenBuilder.swift in Sources */,
				B51FDDEA297D5E2800396B52 /* ScreenThinksHumanPresenter.swift in Sources */,
				B51FDDED297D66C400396B52 /* UIView + ext.swift in Sources */,
				B51FDE01297F09BE00396B52 /* ScreenHumanEnterNumberPresenter.swift in Sources */,
				B51FDDF1297E9C6400396B52 /* ScreenThinksComputerViewController.swift in Sources */,
				B51FDDFD297F04A900396B52 /* ScreenHumanEnterNumberVC.swift in Sources */,
				B51FDDF3297E9C7A00396B52 /* ScreenThinksComputerPresenter.swift in Sources */,
				B51FDDF5297EA53A00396B52 /* ButtonCompare.swift in Sources */,
				B51FDDEF297DCB8700396B52 /* GameModel.swift in Sources */,
			);
			runOnlyForDeploymentPostprocessing = 0;
		};
/* End PBXSourcesBuildPhase section */

/* Begin PBXVariantGroup section */
		B51FDDD9297D1FDA00396B52 /* LaunchScreen.storyboard */ = {
			isa = PBXVariantGroup;
			children = (
				B51FDDDA297D1FDA00396B52 /* Base */,
			);
			name = LaunchScreen.storyboard;
			sourceTree = "<group>";
		};
/* End PBXVariantGroup section */

/* Begin XCBuildConfiguration section */
		B51FDDDD297D1FDA00396B52 /* Debug */ = {
			isa = XCBuildConfiguration;
			buildSettings = {
				ALWAYS_SEARCH_USER_PATHS = NO;
				CLANG_ANALYZER_NONNULL = YES;
				CLANG_ANALYZER_NUMBER_OBJECT_CONVERSION = YES_AGGRESSIVE;
				CLANG_CXX_LANGUAGE_STANDARD = "gnu++20";
				CLANG_ENABLE_MODULES = YES;
				CLANG_ENABLE_OBJC_ARC = YES;
				CLANG_ENABLE_OBJC_WEAK = YES;
				CLANG_WARN_BLOCK_CAPTURE_AUTORELEASING = YES;
				CLANG_WARN_BOOL_CONVERSION = YES;
				CLANG_WARN_COMMA = YES;
				CLANG_WARN_CONSTANT_CONVERSION = YES;
				CLANG_WARN_DEPRECATED_OBJC_IMPLEMENTATIONS = YES;
				CLANG_WARN_DIRECT_OBJC_ISA_USAGE = YES_ERROR;
				CLANG_WARN_DOCUMENTATION_COMMENTS = YES;
				CLANG_WARN_EMPTY_BODY = YES;
				CLANG_WARN_ENUM_CONVERSION = YES;
				CLANG_WARN_INFINITE_RECURSION = YES;
				CLANG_WARN_INT_CONVERSION = YES;
				CLANG_WARN_NON_LITERAL_NULL_CONVERSION = YES;
				CLANG_WARN_OBJC_IMPLICIT_RETAIN_SELF = YES;
				CLANG_WARN_OBJC_LITERAL_CONVERSION = YES;
				CLANG_WARN_OBJC_ROOT_CLASS = YES_ERROR;
				CLANG_WARN_QUOTED_INCLUDE_IN_FRAMEWORK_HEADER = YES;
				CLANG_WARN_RANGE_LOOP_ANALYSIS = YES;
				CLANG_WARN_STRICT_PROTOTYPES = YES;
				CLANG_WARN_SUSPICIOUS_MOVE = YES;
				CLANG_WARN_UNGUARDED_AVAILABILITY = YES_AGGRESSIVE;
				CLANG_WARN_UNREACHABLE_CODE = YES;
				CLANG_WARN__DUPLICATE_METHOD_MATCH = YES;
				COPY_PHASE_STRIP = NO;
				DEBUG_INFORMATION_FORMAT = dwarf;
				ENABLE_STRICT_OBJC_MSGSEND = YES;
				ENABLE_TESTABILITY = YES;
				GCC_C_LANGUAGE_STANDARD = gnu11;
				GCC_DYNAMIC_NO_PIC = NO;
				GCC_NO_COMMON_BLOCKS = YES;
				GCC_OPTIMIZATION_LEVEL = 0;
				GCC_PREPROCESSOR_DEFINITIONS = (
					"DEBUG=1",
					"$(inherited)",
				);
				GCC_WARN_64_TO_32_BIT_CONVERSION = YES;
				GCC_WARN_ABOUT_RETURN_TYPE = YES_ERROR;
				GCC_WARN_UNDECLARED_SELECTOR = YES;
				GCC_WARN_UNINITIALIZED_AUTOS = YES_AGGRESSIVE;
				GCC_WARN_UNUSED_FUNCTION = YES;
				GCC_WARN_UNUSED_VARIABLE = YES;
				IPHONEOS_DEPLOYMENT_TARGET = 14.0;
				MTL_ENABLE_DEBUG_INFO = INCLUDE_SOURCE;
				MTL_FAST_MATH = YES;
				ONLY_ACTIVE_ARCH = YES;
				SDKROOT = iphoneos;
				SWIFT_ACTIVE_COMPILATION_CONDITIONS = DEBUG;
				SWIFT_OPTIMIZATION_LEVEL = "-Onone";
			};
			name = Debug;
		};
		B51FDDDE297D1FDA00396B52 /* Release */ = {
			isa = XCBuildConfiguration;
			buildSettings = {
				ALWAYS_SEARCH_USER_PATHS = NO;
				CLANG_ANALYZER_NONNULL = YES;
				CLANG_ANALYZER_NUMBER_OBJECT_CONVERSION = YES_AGGRESSIVE;
				CLANG_CXX_LANGUAGE_STANDARD = "gnu++20";
				CLANG_ENABLE_MODULES = YES;
				CLANG_ENABLE_OBJC_ARC = YES;
				CLANG_ENABLE_OBJC_WEAK = YES;
				CLANG_WARN_BLOCK_CAPTURE_AUTORELEASING = YES;
				CLANG_WARN_BOOL_CONVERSION = YES;
				CLANG_WARN_COMMA = YES;
				CLANG_WARN_CONSTANT_CONVERSION = YES;
				CLANG_WARN_DEPRECATED_OBJC_IMPLEMENTATIONS = YES;
				CLANG_WARN_DIRECT_OBJC_ISA_USAGE = YES_ERROR;
				CLANG_WARN_DOCUMENTATION_COMMENTS = YES;
				CLANG_WARN_EMPTY_BODY = YES;
				CLANG_WARN_ENUM_CONVERSION = YES;
				CLANG_WARN_INFINITE_RECURSION = YES;
				CLANG_WARN_INT_CONVERSION = YES;
				CLANG_WARN_NON_LITERAL_NULL_CONVERSION = YES;
				CLANG_WARN_OBJC_IMPLICIT_RETAIN_SELF = YES;
				CLANG_WARN_OBJC_LITERAL_CONVERSION = YES;
				CLANG_WARN_OBJC_ROOT_CLASS = YES_ERROR;
				CLANG_WARN_QUOTED_INCLUDE_IN_FRAMEWORK_HEADER = YES;
				CLANG_WARN_RANGE_LOOP_ANALYSIS = YES;
				CLANG_WARN_STRICT_PROTOTYPES = YES;
				CLANG_WARN_SUSPICIOUS_MOVE = YES;
				CLANG_WARN_UNGUARDED_AVAILABILITY = YES_AGGRESSIVE;
				CLANG_WARN_UNREACHABLE_CODE = YES;
				CLANG_WARN__DUPLICATE_METHOD_MATCH = YES;
				COPY_PHASE_STRIP = NO;
				DEBUG_INFORMATION_FORMAT = "dwarf-with-dsym";
				ENABLE_NS_ASSERTIONS = NO;
				ENABLE_STRICT_OBJC_MSGSEND = YES;
				GCC_C_LANGUAGE_STANDARD = gnu11;
				GCC_NO_COMMON_BLOCKS = YES;
				GCC_WARN_64_TO_32_BIT_CONVERSION = YES;
				GCC_WARN_ABOUT_RETURN_TYPE = YES_ERROR;
				GCC_WARN_UNDECLARED_SELECTOR = YES;
				GCC_WARN_UNINITIALIZED_AUTOS = YES_AGGRESSIVE;
				GCC_WARN_UNUSED_FUNCTION = YES;
				GCC_WARN_UNUSED_VARIABLE = YES;
				IPHONEOS_DEPLOYMENT_TARGET = 14.0;
				MTL_ENABLE_DEBUG_INFO = NO;
				MTL_FAST_MATH = YES;
				SDKROOT = iphoneos;
				SWIFT_COMPILATION_MODE = wholemodule;
				SWIFT_OPTIMIZATION_LEVEL = "-O";
				VALIDATE_PRODUCT = YES;
			};
			name = Release;
		};
		B51FDDE0297D1FDA00396B52 /* Debug */ = {
			isa = XCBuildConfiguration;
			buildSettings = {
				ASSETCATALOG_COMPILER_APPICON_NAME = AppIcon;
				ASSETCATALOG_COMPILER_GLOBAL_ACCENT_COLOR_NAME = AccentColor;
				CODE_SIGN_STYLE = Automatic;
				CURRENT_PROJECT_VERSION = 1;
				DEVELOPMENT_TEAM = 37FQQ4WXUX;
				GENERATE_INFOPLIST_FILE = YES;
				INFOPLIST_FILE = guessNumberGameTestTask/Resources/Info.plist;
				INFOPLIST_KEY_UIApplicationSupportsIndirectInputEvents = YES;
				INFOPLIST_KEY_UILaunchStoryboardName = LaunchScreen;
				INFOPLIST_KEY_UIMainStoryboardFile = "";
				INFOPLIST_KEY_UISupportedInterfaceOrientations_iPad = "UIInterfaceOrientationPortrait UIInterfaceOrientationPortraitUpsideDown UIInterfaceOrientationLandscapeLeft UIInterfaceOrientationLandscapeRight";
				INFOPLIST_KEY_UISupportedInterfaceOrientations_iPhone = "UIInterfaceOrientationPortrait UIInterfaceOrientationLandscapeLeft UIInterfaceOrientationLandscapeRight";
				IPHONEOS_DEPLOYMENT_TARGET = 14.0;
				LD_RUNPATH_SEARCH_PATHS = (
					"$(inherited)",
					"@executable_path/Frameworks",
				);
				MARKETING_VERSION = 1.0;
				PRODUCT_BUNDLE_IDENTIFIER = alexei.poprotskii.guessNumberGameTestTask;
				PRODUCT_NAME = "$(TARGET_NAME)";
				SUPPORTED_PLATFORMS = "iphoneos iphonesimulator";
				SUPPORTS_MACCATALYST = NO;
				SUPPORTS_MAC_DESIGNED_FOR_IPHONE_IPAD = NO;
				SWIFT_EMIT_LOC_STRINGS = YES;
				SWIFT_VERSION = 5.0;
				TARGETED_DEVICE_FAMILY = 1;
			};
			name = Debug;
		};
		B51FDDE1297D1FDA00396B52 /* Release */ = {
			isa = XCBuildConfiguration;
			buildSettings = {
				ASSETCATALOG_COMPILER_APPICON_NAME = AppIcon;
				ASSETCATALOG_COMPILER_GLOBAL_ACCENT_COLOR_NAME = AccentColor;
				CODE_SIGN_STYLE = Automatic;
				CURRENT_PROJECT_VERSION = 1;
				DEVELOPMENT_TEAM = 37FQQ4WXUX;
				GENERATE_INFOPLIST_FILE = YES;
				INFOPLIST_FILE = guessNumberGameTestTask/Resources/Info.plist;
				INFOPLIST_KEY_UIApplicationSupportsIndirectInputEvents = YES;
				INFOPLIST_KEY_UILaunchStoryboardName = LaunchScreen;
				INFOPLIST_KEY_UIMainStoryboardFile = "";
				INFOPLIST_KEY_UISupportedInterfaceOrientations_iPad = "UIInterfaceOrientationPortrait UIInterfaceOrientationPortraitUpsideDown UIInterfaceOrientationLandscapeLeft UIInterfaceOrientationLandscapeRight";
				INFOPLIST_KEY_UISupportedInterfaceOrientations_iPhone = "UIInterfaceOrientationPortrait UIInterfaceOrientationLandscapeLeft UIInterfaceOrientationLandscapeRight";
				IPHONEOS_DEPLOYMENT_TARGET = 14.0;
				LD_RUNPATH_SEARCH_PATHS = (
					"$(inherited)",
					"@executable_path/Frameworks",
				);
				MARKETING_VERSION = 1.0;
				PRODUCT_BUNDLE_IDENTIFIER = alexei.poprotskii.guessNumberGameTestTask;
				PRODUCT_NAME = "$(TARGET_NAME)";
				SUPPORTED_PLATFORMS = "iphoneos iphonesimulator";
				SUPPORTS_MACCATALYST = NO;
				SUPPORTS_MAC_DESIGNED_FOR_IPHONE_IPAD = NO;
				SWIFT_EMIT_LOC_STRINGS = YES;
				SWIFT_VERSION = 5.0;
				TARGETED_DEVICE_FAMILY = 1;
			};
			name = Release;
		};
/* End XCBuildConfiguration section */

/* Begin XCConfigurationList section */
		B51FDDC6297D1FD800396B52 /* Build configuration list for PBXProject "guessNumberGameTestTask" */ = {
			isa = XCConfigurationList;
			buildConfigurations = (
				B51FDDDD297D1FDA00396B52 /* Debug */,
				B51FDDDE297D1FDA00396B52 /* Release */,
			);
			defaultConfigurationIsVisible = 0;
			defaultConfigurationName = Release;
		};
		B51FDDDF297D1FDA00396B52 /* Build configuration list for PBXNativeTarget "guessNumberGameTestTask" */ = {
			isa = XCConfigurationList;
			buildConfigurations = (
				B51FDDE0297D1FDA00396B52 /* Debug */,
				B51FDDE1297D1FDA00396B52 /* Release */,
			);
			defaultConfigurationIsVisible = 0;
			defaultConfigurationName = Release;
		};
/* End XCConfigurationList section */
	};
	rootObject = B51FDDC3297D1FD800396B52 /* Project object */;
}
